
Microsoft Visual Studio Solution File, Format Version 12.00
# Visual Studio Version 16
VisualStudioVersion = 16.0.30621.155
MinimumVisualStudioVersion = 10.0.40219.1
Project("{FAE04EC0-301F-11D3-BF4B-00C04F79EFBC}") = "ecomFront", "ecomFront.csproj", "{0CB2BC9A-BF3A-4F0E-8B04-720C472AC2DA}"
EndProject
Global
	GlobalSection(SolutionConfigurationPlatforms) = preSolution
		Debug|Any CPU = Debug|Any CPU
		Release|Any CPU = Release|Any CPU
	EndGlobalSection
	GlobalSection(ProjectConfigurationPlatforms) = postSolution
		{0CB2BC9A-BF3A-4F0E-8B04-720C472AC2DA}.Debug|Any CPU.ActiveCfg = Debug|Any CPU
		{0CB2BC9A-BF3A-4F0E-8B04-720C472AC2DA}.Debug|Any CPU.Build.0 = Debug|Any CPU
		{0CB2BC9A-BF3A-4F0E-8B04-720C472AC2DA}.Release|Any CPU.ActiveCfg = Release|Any CPU
		{0CB2BC9A-BF3A-4F0E-8B04-720C472AC2DA}.Release|Any CPU.Build.0 = Release|Any CPU
	EndGlobalSection
	GlobalSection(SolutionProperties) = preSolution
		HideSolutionNode = FALSE
	EndGlobalSection
	GlobalSection(ExtensibilityGlobals) = postSolution
		SolutionGuid = {892836FC-EB45-47F0-8042-E181484FBBBF}
	EndGlobalSection
EndGlobal
